{
  "version": 4,
  "terraform_version": "1.3.7",
  "serial": 271,
  "lineage": "f81043b3-20d5-6ad8-56bf-c1caeb991557",
  "outputs": {},
  "resources": [
    {
      "mode": "managed",
      "type": "aws_eip",
      "name": "ip",
      "provider": "provider[\"registry.terraform.io/hashicorp/aws\"]",
      "instances": [
        {
          "schema_version": 0,
          "attributes": {
            "address": null,
            "allocation_id": "eipalloc-06961872d8eab10dd",
            "associate_with_private_ip": null,
            "association_id": "eipassoc-0edccb108c503af30",
            "carrier_ip": "",
            "customer_owned_ip": "",
            "customer_owned_ipv4_pool": "",
            "domain": "vpc",
            "id": "eipalloc-06961872d8eab10dd",
            "instance": "",
            "network_border_group": "us-east-1",
            "network_interface": "eni-0ba180ff5727b94dd",
            "private_dns": "ip-10-0-0-56.ec2.internal",
            "private_ip": "10.0.0.56",
            "public_dns": "ec2-34-194-130-178.compute-1.amazonaws.com",
            "public_ip": "34.194.130.178",
            "public_ipv4_pool": "amazon",
            "tags": {
              "Name": "t4-elasticIP"
            },
            "tags_all": {
              "Name": "t4-elasticIP"
            },
            "timeouts": null,
            "vpc": true
          },
          "sensitive_attributes": [],
          "private": "eyJlMmJmYjczMC1lY2FhLTExZTYtOGY4OC0zNDM2M2JjN2M0YzAiOnsiZGVsZXRlIjoxODAwMDAwMDAwMDAsInJlYWQiOjkwMDAwMDAwMDAwMCwidXBkYXRlIjozMDAwMDAwMDAwMDB9fQ=="
        }
      ]
    },
    {
      "mode": "managed",
      "type": "aws_instance",
      "name": "instance",
      "provider": "provider[\"registry.terraform.io/hashicorp/aws\"]",
      "instances": [
        {
          "schema_version": 1,
          "attributes": {
            "ami": "ami-00874d747dde814fa",
            "arn": "arn:aws:ec2:us-east-1:351968968572:instance/i-0253e3c2734f31c58",
            "associate_public_ip_address": true,
            "availability_zone": "us-east-1a",
            "capacity_reservation_specification": [
              {
                "capacity_reservation_preference": "open",
                "capacity_reservation_target": []
              }
            ],
            "cpu_core_count": 1,
            "cpu_threads_per_core": 1,
            "credit_specification": [
              {
                "cpu_credits": "standard"
              }
            ],
            "disable_api_stop": false,
            "disable_api_termination": false,
            "ebs_block_device": [],
            "ebs_optimized": false,
            "enclave_options": [
              {
                "enabled": false
              }
            ],
            "ephemeral_block_device": [],
            "get_password_data": false,
            "hibernation": false,
            "host_id": "",
            "host_resource_group_arn": null,
            "iam_instance_profile": "",
            "id": "i-0253e3c2734f31c58",
            "instance_initiated_shutdown_behavior": "stop",
            "instance_state": "running",
            "instance_type": "t2.micro",
            "ipv6_address_count": 0,
            "ipv6_addresses": [],
            "key_name": "private-key-ec2",
            "launch_template": [],
            "maintenance_options": [
              {
                "auto_recovery": "default"
              }
            ],
            "metadata_options": [
              {
                "http_endpoint": "enabled",
                "http_put_response_hop_limit": 1,
                "http_tokens": "optional",
                "instance_metadata_tags": "disabled"
              }
            ],
            "monitoring": false,
            "network_interface": [],
            "outpost_arn": "",
            "password_data": "",
            "placement_group": "",
            "placement_partition_number": 0,
            "primary_network_interface_id": "eni-0c8defe1168bcd2af",
            "private_dns": "ip-10-0-0-129.ec2.internal",
            "private_dns_name_options": [
              {
                "enable_resource_name_dns_a_record": false,
                "enable_resource_name_dns_aaaa_record": false,
                "hostname_type": "ip-name"
              }
            ],
            "private_ip": "10.0.0.129",
            "public_dns": "",
            "public_ip": "18.208.152.234",
            "root_block_device": [
              {
                "delete_on_termination": true,
                "device_name": "/dev/sda1",
                "encrypted": false,
                "iops": 100,
                "kms_key_id": "",
                "tags": {},
                "throughput": 0,
                "volume_id": "vol-0b483ff72cdb49090",
                "volume_size": 8,
                "volume_type": "gp2"
              }
            ],
            "secondary_private_ips": [],
            "security_groups": [],
            "source_dest_check": true,
            "subnet_id": "subnet-0f3f89707221b711b",
            "tags": {},
            "tags_all": {},
            "tenancy": "default",
            "timeouts": null,
            "user_data": "a122cc5796b662dec657885fcfad3fe223f713d4",
            "user_data_base64": null,
            "user_data_replace_on_change": false,
            "volume_tags": null,
            "vpc_security_group_ids": [
              "sg-0635081cedd1ccfe2"
            ]
          },
          "sensitive_attributes": [],
          "private": "eyJlMmJmYjczMC1lY2FhLTExZTYtOGY4OC0zNDM2M2JjN2M0YzAiOnsiY3JlYXRlIjo2MDAwMDAwMDAwMDAsImRlbGV0ZSI6MTIwMDAwMDAwMDAwMCwidXBkYXRlIjo2MDAwMDAwMDAwMDB9LCJzY2hlbWFfdmVyc2lvbiI6IjEifQ==",
          "dependencies": [
            "aws_key_pair.generated_key",
            "aws_security_group.allow_tls",
            "aws_subnet.subnet",
            "aws_vpc.main",
            "tls_private_key.example"
          ]
        }
      ]
    },
    {
      "mode": "managed",
      "type": "aws_instance",
      "name": "instance_2",
      "provider": "provider[\"registry.terraform.io/hashicorp/aws\"]",
      "instances": [
        {
          "schema_version": 1,
          "attributes": {
            "ami": "ami-00874d747dde814fa",
            "arn": "arn:aws:ec2:us-east-1:351968968572:instance/i-0bbf2dfc8e023d5ea",
            "associate_public_ip_address": false,
            "availability_zone": "us-east-1b",
            "capacity_reservation_specification": [
              {
                "capacity_reservation_preference": "open",
                "capacity_reservation_target": []
              }
            ],
            "cpu_core_count": 1,
            "cpu_threads_per_core": 1,
            "credit_specification": [
              {
                "cpu_credits": "standard"
              }
            ],
            "disable_api_stop": false,
            "disable_api_termination": false,
            "ebs_block_device": [],
            "ebs_optimized": false,
            "enclave_options": [
              {
                "enabled": false
              }
            ],
            "ephemeral_block_device": [],
            "get_password_data": false,
            "hibernation": false,
            "host_id": "",
            "host_resource_group_arn": null,
            "iam_instance_profile": "",
            "id": "i-0bbf2dfc8e023d5ea",
            "instance_initiated_shutdown_behavior": "stop",
            "instance_state": "running",
            "instance_type": "t2.micro",
            "ipv6_address_count": 0,
            "ipv6_addresses": [],
            "key_name": "private-key-ec2",
            "launch_template": [],
            "maintenance_options": [
              {
                "auto_recovery": "default"
              }
            ],
            "metadata_options": [
              {
                "http_endpoint": "enabled",
                "http_put_response_hop_limit": 1,
                "http_tokens": "optional",
                "instance_metadata_tags": "disabled"
              }
            ],
            "monitoring": false,
            "network_interface": [],
            "outpost_arn": "",
            "password_data": "",
            "placement_group": "",
            "placement_partition_number": 0,
            "primary_network_interface_id": "eni-06d25edd294419d81",
            "private_dns": "ip-10-0-1-244.ec2.internal",
            "private_dns_name_options": [
              {
                "enable_resource_name_dns_a_record": false,
                "enable_resource_name_dns_aaaa_record": false,
                "hostname_type": "ip-name"
              }
            ],
            "private_ip": "10.0.1.244",
            "public_dns": "",
            "public_ip": "",
            "root_block_device": [
              {
                "delete_on_termination": true,
                "device_name": "/dev/sda1",
                "encrypted": false,
                "iops": 100,
                "kms_key_id": "",
                "tags": {},
                "throughput": 0,
                "volume_id": "vol-036973e8aed02bf5b",
                "volume_size": 8,
                "volume_type": "gp2"
              }
            ],
            "secondary_private_ips": [],
            "security_groups": [],
            "source_dest_check": true,
            "subnet_id": "subnet-0cb810917d6e724b8",
            "tags": null,
            "tags_all": {},
            "tenancy": "default",
            "timeouts": null,
            "user_data": "a122cc5796b662dec657885fcfad3fe223f713d4",
            "user_data_base64": null,
            "user_data_replace_on_change": false,
            "volume_tags": null,
            "vpc_security_group_ids": [
              "sg-02925bf753c3c7733"
            ]
          },
          "sensitive_attributes": [],
          "private": "eyJlMmJmYjczMC1lY2FhLTExZTYtOGY4OC0zNDM2M2JjN2M0YzAiOnsiY3JlYXRlIjo2MDAwMDAwMDAwMDAsImRlbGV0ZSI6MTIwMDAwMDAwMDAwMCwidXBkYXRlIjo2MDAwMDAwMDAwMDB9LCJzY2hlbWFfdmVyc2lvbiI6IjEifQ==",
          "dependencies": [
            "aws_key_pair.generated_key",
            "aws_security_group.allow_tls_2",
            "aws_subnet.subnet",
            "aws_vpc.main"
          ]
        }
      ]
    },
    {
      "mode": "managed",
      "type": "aws_internet_gateway",
      "name": "gw",
      "provider": "provider[\"registry.terraform.io/hashicorp/aws\"]",
      "instances": [
        {
          "schema_version": 0,
          "attributes": {
            "arn": "arn:aws:ec2:us-east-1:351968968572:internet-gateway/igw-08a53ac8ff55843db",
            "id": "igw-08a53ac8ff55843db",
            "owner_id": "351968968572",
            "tags": {
              "Name": "IGW"
            },
            "tags_all": {
              "Name": "IGW"
            },
            "timeouts": null,
            "vpc_id": "vpc-00b1f8cbaec55f832"
          },
          "sensitive_attributes": [],
          "private": "eyJlMmJmYjczMC1lY2FhLTExZTYtOGY4OC0zNDM2M2JjN2M0YzAiOnsiY3JlYXRlIjoxMjAwMDAwMDAwMDAwLCJkZWxldGUiOjEyMDAwMDAwMDAwMDAsInVwZGF0ZSI6MTIwMDAwMDAwMDAwMH19",
          "dependencies": [
            "aws_vpc.main"
          ]
        }
      ]
    },
    {
      "mode": "managed",
      "type": "aws_key_pair",
      "name": "generated_key",
      "provider": "provider[\"registry.terraform.io/hashicorp/aws\"]",
      "instances": [
        {
          "schema_version": 1,
          "attributes": {
            "arn": "arn:aws:ec2:us-east-1:351968968572:key-pair/private-key-ec2",
            "fingerprint": "e6:c2:16:46:83:11:3d:b4:51:7f:7f:f4:00:29:f7:07",
            "id": "private-key-ec2",
            "key_name": "private-key-ec2",
            "key_name_prefix": "",
            "key_pair_id": "key-05aced35a76e3593e",
            "key_type": "rsa",
            "public_key": "ssh-rsa AAAAB3NzaC1yc2EAAAADAQABAAACAQDMBWTp6y1DXZd8RIMGwV3lDF5flm2FhqoLMMTvtcMPab/2qMArzzyAHwNGJ9LyFDNaBsq2O/bmaxl52u5JYOmPAsIOryFSx7J0YVuBolWACbRY1RWT/JQ+yHrI7on7OWFJXhd+U3fEmAP7XWSQFJY6dQpDE/ZbQmu7neWdW9O60qwxYBvFV2qvxWdKa8adFRikIwbasD6UaUlxRhU7Fo2uS6cr32CpPZbqYsYAPTGhDwZWdJkhGZu0xAp4yUbq4Cx5wMhpiyUKHMJA30/3TEr7LzT0BHuZGjrTPGZ3tawhB01hCzc4D192Ytn2ZzMmgWwqx8Wrva0yDJToUFzXkLfvb97cp+Na+VAfPaYlYed52X4M+3UKaHH8OZNzidX15rvODOQtVQaY32y9+zyX7ypNKCfGtAxAk7VQLaL0PjWTPJ92dgE4PIIoLfQSi1A17/Km4pUzNbRkT8bV23GUXAppLYm7XGWzI+/HCxiV1IKIOyVvcqNOAKv6rVqz9/TWBdqkO2TF4dqrDHI8F28vnlrwVgIVVzXBHlLE6dnBZgZ6dVr7RGDvXYSOaV27G+Ba9mmjBTBti+yzwuE+grTKVRcI4I8CVCTFjrw6j7qLhriTPWAanfdLBlPK70ZPYyRY+PPqShIpvLr3WNLHbsyjbSKcbgymPB6dvmeSlp3BLWeFoQ==",
            "tags": {},
            "tags_all": {}
          },
          "sensitive_attributes": [],
          "private": "eyJzY2hlbWFfdmVyc2lvbiI6IjEifQ==",
          "dependencies": [
            "tls_private_key.example"
          ]
        }
      ]
    },
    {
      "mode": "managed",
      "type": "aws_nat_gateway",
      "name": "nat-gateway",
      "provider": "provider[\"registry.terraform.io/hashicorp/aws\"]",
      "instances": [
        {
          "schema_version": 0,
          "attributes": {
            "allocation_id": "eipalloc-06961872d8eab10dd",
            "connectivity_type": "public",
            "id": "nat-080aeb6c157f0d511",
            "network_interface_id": "eni-0ba180ff5727b94dd",
            "private_ip": "10.0.0.56",
            "public_ip": "34.194.130.178",
            "subnet_id": "subnet-0f3f89707221b711b",
            "tags": {
              "Name": "nat-gateway"
            },
            "tags_all": {
              "Name": "nat-gateway"
            }
          },
          "sensitive_attributes": [],
          "private": "bnVsbA==",
          "dependencies": [
            "aws_eip.ip",
            "aws_subnet.subnet",
            "aws_vpc.main"
          ]
        }
      ]
    },
    {
      "mode": "managed",
      "type": "aws_route_table",
      "name": "route-table",
      "provider": "provider[\"registry.terraform.io/hashicorp/aws\"]",
      "instances": [
        {
          "schema_version": 0,
          "attributes": {
            "arn": "arn:aws:ec2:us-east-1:351968968572:route-table/rtb-0d9b63c38e9979783",
            "id": "rtb-0d9b63c38e9979783",
            "owner_id": "351968968572",
            "propagating_vgws": [],
            "route": [
              {
                "carrier_gateway_id": "",
                "cidr_block": "0.0.0.0/0",
                "core_network_arn": "",
                "destination_prefix_list_id": "",
                "egress_only_gateway_id": "",
                "gateway_id": "igw-08a53ac8ff55843db",
                "instance_id": "",
                "ipv6_cidr_block": "",
                "local_gateway_id": "",
                "nat_gateway_id": "",
                "network_interface_id": "",
                "transit_gateway_id": "",
                "vpc_endpoint_id": "",
                "vpc_peering_connection_id": ""
              }
            ],
            "tags": {
              "Name": "route-table"
            },
            "tags_all": {
              "Name": "route-table"
            },
            "timeouts": null,
            "vpc_id": "vpc-00b1f8cbaec55f832"
          },
          "sensitive_attributes": [],
          "private": "eyJlMmJmYjczMC1lY2FhLTExZTYtOGY4OC0zNDM2M2JjN2M0YzAiOnsiY3JlYXRlIjozMDAwMDAwMDAwMDAsImRlbGV0ZSI6MzAwMDAwMDAwMDAwLCJ1cGRhdGUiOjEyMDAwMDAwMDAwMH19",
          "dependencies": [
            "aws_internet_gateway.gw",
            "aws_vpc.main"
          ]
        }
      ]
    },
    {
      "mode": "managed",
      "type": "aws_route_table",
      "name": "route-table-2",
      "provider": "provider[\"registry.terraform.io/hashicorp/aws\"]",
      "instances": [
        {
          "schema_version": 0,
          "attributes": {
            "arn": "arn:aws:ec2:us-east-1:351968968572:route-table/rtb-09a719cd3d90ebd6f",
            "id": "rtb-09a719cd3d90ebd6f",
            "owner_id": "351968968572",
            "propagating_vgws": [],
            "route": [
              {
                "carrier_gateway_id": "",
                "cidr_block": "0.0.0.0/0",
                "core_network_arn": "",
                "destination_prefix_list_id": "",
                "egress_only_gateway_id": "",
                "gateway_id": "nat-080aeb6c157f0d511",
                "instance_id": "",
                "ipv6_cidr_block": "",
                "local_gateway_id": "",
                "nat_gateway_id": "",
                "network_interface_id": "",
                "transit_gateway_id": "",
                "vpc_endpoint_id": "",
                "vpc_peering_connection_id": ""
              }
            ],
            "tags": {
              "Name": "route_table_2"
            },
            "tags_all": {
              "Name": "route_table_2"
            },
            "timeouts": null,
            "vpc_id": "vpc-00b1f8cbaec55f832"
          },
          "sensitive_attributes": [],
          "private": "eyJlMmJmYjczMC1lY2FhLTExZTYtOGY4OC0zNDM2M2JjN2M0YzAiOnsiY3JlYXRlIjozMDAwMDAwMDAwMDAsImRlbGV0ZSI6MzAwMDAwMDAwMDAwLCJ1cGRhdGUiOjEyMDAwMDAwMDAwMH19",
          "dependencies": [
            "aws_nat_gateway.nat-gateway",
            "aws_vpc.main"
          ]
        }
      ]
    },
    {
      "mode": "managed",
      "type": "aws_route_table_association",
      "name": "a",
      "provider": "provider[\"registry.terraform.io/hashicorp/aws\"]",
      "instances": [
        {
          "schema_version": 0,
          "attributes": {
            "gateway_id": "",
            "id": "rtbassoc-011068508e1a06eb9",
            "route_table_id": "rtb-0d9b63c38e9979783",
            "subnet_id": "subnet-0f3f89707221b711b"
          },
          "sensitive_attributes": [],
          "private": "bnVsbA==",
          "dependencies": [
            "aws_internet_gateway.gw",
            "aws_route_table.route-table",
            "aws_subnet.subnet",
            "aws_vpc.main"
          ]
        }
      ]
    },
    {
      "mode": "managed",
      "type": "aws_route_table_association",
      "name": "b",
      "provider": "provider[\"registry.terraform.io/hashicorp/aws\"]",
      "instances": [
        {
          "schema_version": 0,
          "attributes": {
            "gateway_id": "",
            "id": "rtbassoc-0526849a4fa364139",
            "route_table_id": "rtb-09a719cd3d90ebd6f",
            "subnet_id": "subnet-0cb810917d6e724b8"
          },
          "sensitive_attributes": [],
          "private": "bnVsbA==",
          "dependencies": [
            "aws_eip.ip",
            "aws_nat_gateway.nat-gateway",
            "aws_route_table.route-table-2",
            "aws_subnet.subnet",
            "aws_vpc.main"
          ]
        }
      ]
    },
    {
      "mode": "managed",
      "type": "aws_security_group",
      "name": "allow_tls",
      "provider": "provider[\"registry.terraform.io/hashicorp/aws\"]",
      "instances": [
        {
          "schema_version": 1,
          "attributes": {
            "arn": "arn:aws:ec2:us-east-1:351968968572:security-group/sg-0635081cedd1ccfe2",
            "description": "Managed by Terraform",
            "egress": [
              {
                "cidr_blocks": [
                  "0.0.0.0/0"
                ],
                "description": "",
                "from_port": 0,
                "ipv6_cidr_blocks": [],
                "prefix_list_ids": [],
                "protocol": "-1",
                "security_groups": [],
                "self": false,
                "to_port": 0
              }
            ],
            "id": "sg-0635081cedd1ccfe2",
            "ingress": [
              {
                "cidr_blocks": [
                  "0.0.0.0/0"
                ],
                "description": "",
                "from_port": 22,
                "ipv6_cidr_blocks": [],
                "prefix_list_ids": [],
                "protocol": "tcp",
                "security_groups": [],
                "self": false,
                "to_port": 22
              },
              {
                "cidr_blocks": [
                  "0.0.0.0/0"
                ],
                "description": "",
                "from_port": 80,
                "ipv6_cidr_blocks": [],
                "prefix_list_ids": [],
                "protocol": "tcp",
                "security_groups": [],
                "self": false,
                "to_port": 80
              }
            ],
            "name": "security_group-1",
            "name_prefix": "",
            "owner_id": "351968968572",
            "revoke_rules_on_delete": false,
            "tags": {},
            "tags_all": {},
            "timeouts": null,
            "vpc_id": "vpc-00b1f8cbaec55f832"
          },
          "sensitive_attributes": [],
          "private": "eyJlMmJmYjczMC1lY2FhLTExZTYtOGY4OC0zNDM2M2JjN2M0YzAiOnsiY3JlYXRlIjo2MDAwMDAwMDAwMDAsImRlbGV0ZSI6OTAwMDAwMDAwMDAwfSwic2NoZW1hX3ZlcnNpb24iOiIxIn0=",
          "dependencies": [
            "aws_vpc.main"
          ]
        }
      ]
    },
    {
      "mode": "managed",
      "type": "aws_security_group",
      "name": "allow_tls_2",
      "provider": "provider[\"registry.terraform.io/hashicorp/aws\"]",
      "instances": [
        {
          "schema_version": 1,
          "attributes": {
            "arn": "arn:aws:ec2:us-east-1:351968968572:security-group/sg-02925bf753c3c7733",
            "description": "Managed by Terraform",
            "egress": [
              {
                "cidr_blocks": [
                  "0.0.0.0/0"
                ],
                "description": "",
                "from_port": 0,
                "ipv6_cidr_blocks": [],
                "prefix_list_ids": [],
                "protocol": "-1",
                "security_groups": [],
                "self": false,
                "to_port": 0
              }
            ],
            "id": "sg-02925bf753c3c7733",
            "ingress": [
              {
                "cidr_blocks": [
                  "10.0.0.0/16"
                ],
                "description": "",
                "from_port": 22,
                "ipv6_cidr_blocks": [],
                "prefix_list_ids": [],
                "protocol": "tcp",
                "security_groups": [],
                "self": false,
                "to_port": 22
              }
            ],
            "name": "security_group-2",
            "name_prefix": "",
            "owner_id": "351968968572",
            "revoke_rules_on_delete": false,
            "tags": {},
            "tags_all": {},
            "timeouts": null,
            "vpc_id": "vpc-00b1f8cbaec55f832"
          },
          "sensitive_attributes": [],
          "private": "eyJlMmJmYjczMC1lY2FhLTExZTYtOGY4OC0zNDM2M2JjN2M0YzAiOnsiY3JlYXRlIjo2MDAwMDAwMDAwMDAsImRlbGV0ZSI6OTAwMDAwMDAwMDAwfSwic2NoZW1hX3ZlcnNpb24iOiIxIn0=",
          "dependencies": [
            "aws_vpc.main"
          ]
        }
      ]
    },
    {
      "mode": "managed",
      "type": "aws_subnet",
      "name": "subnet",
      "provider": "provider[\"registry.terraform.io/hashicorp/aws\"]",
      "instances": [
        {
          "index_key": 0,
          "schema_version": 1,
          "attributes": {
            "arn": "arn:aws:ec2:us-east-1:351968968572:subnet/subnet-0f3f89707221b711b",
            "assign_ipv6_address_on_creation": false,
            "availability_zone": "us-east-1a",
            "availability_zone_id": "use1-az2",
            "cidr_block": "10.0.0.0/24",
            "customer_owned_ipv4_pool": "",
            "enable_dns64": false,
            "enable_resource_name_dns_a_record_on_launch": false,
            "enable_resource_name_dns_aaaa_record_on_launch": false,
            "id": "subnet-0f3f89707221b711b",
            "ipv6_cidr_block": "",
            "ipv6_cidr_block_association_id": "",
            "ipv6_native": false,
            "map_customer_owned_ip_on_launch": false,
            "map_public_ip_on_launch": true,
            "outpost_arn": "",
            "owner_id": "351968968572",
            "private_dns_hostname_type_on_launch": "ip-name",
            "tags": {
              "Name": "Subnet-1"
            },
            "tags_all": {
              "Name": "Subnet-1"
            },
            "timeouts": null,
            "vpc_id": "vpc-00b1f8cbaec55f832"
          },
          "sensitive_attributes": [],
          "private": "eyJlMmJmYjczMC1lY2FhLTExZTYtOGY4OC0zNDM2M2JjN2M0YzAiOnsiY3JlYXRlIjo2MDAwMDAwMDAwMDAsImRlbGV0ZSI6MTIwMDAwMDAwMDAwMH0sInNjaGVtYV92ZXJzaW9uIjoiMSJ9",
          "dependencies": [
            "aws_vpc.main"
          ]
        },
        {
          "index_key": 1,
          "schema_version": 1,
          "attributes": {
            "arn": "arn:aws:ec2:us-east-1:351968968572:subnet/subnet-0cb810917d6e724b8",
            "assign_ipv6_address_on_creation": false,
            "availability_zone": "us-east-1b",
            "availability_zone_id": "use1-az4",
            "cidr_block": "10.0.1.0/24",
            "customer_owned_ipv4_pool": "",
            "enable_dns64": false,
            "enable_resource_name_dns_a_record_on_launch": false,
            "enable_resource_name_dns_aaaa_record_on_launch": false,
            "id": "subnet-0cb810917d6e724b8",
            "ipv6_cidr_block": "",
            "ipv6_cidr_block_association_id": "",
            "ipv6_native": false,
            "map_customer_owned_ip_on_launch": false,
            "map_public_ip_on_launch": true,
            "outpost_arn": "",
            "owner_id": "351968968572",
            "private_dns_hostname_type_on_launch": "ip-name",
            "tags": {
              "Name": "Subnet-2"
            },
            "tags_all": {
              "Name": "Subnet-2"
            },
            "timeouts": null,
            "vpc_id": "vpc-00b1f8cbaec55f832"
          },
          "sensitive_attributes": [],
          "private": "eyJlMmJmYjczMC1lY2FhLTExZTYtOGY4OC0zNDM2M2JjN2M0YzAiOnsiY3JlYXRlIjo2MDAwMDAwMDAwMDAsImRlbGV0ZSI6MTIwMDAwMDAwMDAwMH0sInNjaGVtYV92ZXJzaW9uIjoiMSJ9",
          "dependencies": [
            "aws_vpc.main"
          ]
        }
      ]
    },
    {
      "mode": "managed",
      "type": "aws_vpc",
      "name": "main",
      "provider": "provider[\"registry.terraform.io/hashicorp/aws\"]",
      "instances": [
        {
          "schema_version": 1,
          "attributes": {
            "arn": "arn:aws:ec2:us-east-1:351968968572:vpc/vpc-00b1f8cbaec55f832",
            "assign_generated_ipv6_cidr_block": false,
            "cidr_block": "10.0.0.0/16",
            "default_network_acl_id": "acl-071197d1fb0e35e4f",
            "default_route_table_id": "rtb-0f1470df13da4291f",
            "default_security_group_id": "sg-0e42188ad2004cbd9",
            "dhcp_options_id": "dopt-0f6170b73eedf5031",
            "enable_classiclink": false,
            "enable_classiclink_dns_support": false,
            "enable_dns_hostnames": false,
            "enable_dns_support": true,
            "enable_network_address_usage_metrics": false,
            "id": "vpc-00b1f8cbaec55f832",
            "instance_tenancy": "default",
            "ipv4_ipam_pool_id": null,
            "ipv4_netmask_length": null,
            "ipv6_association_id": "",
            "ipv6_cidr_block": "",
            "ipv6_cidr_block_network_border_group": "",
            "ipv6_ipam_pool_id": "",
            "ipv6_netmask_length": 0,
            "main_route_table_id": "rtb-0f1470df13da4291f",
            "owner_id": "351968968572",
            "tags": {
              "Name": "main"
            },
            "tags_all": {
              "Name": "main"
            }
          },
          "sensitive_attributes": [],
          "private": "eyJzY2hlbWFfdmVyc2lvbiI6IjEifQ=="
        }
      ]
    },
    {
      "mode": "managed",
      "type": "tls_private_key",
      "name": "example",
      "provider": "provider[\"registry.terraform.io/hashicorp/tls\"]",
      "instances": [
        {
          "schema_version": 1,
          "attributes": {
            "algorithm": "RSA",
            "ecdsa_curve": "P224",
            "id": "522e09ed6eda0ab24ef914ae606cddb33f20b5b0",
            "private_key_openssh": "-----BEGIN OPENSSH PRIVATE KEY-----\nb3BlbnNzaC1rZXktdjEAAAAABG5vbmUAAAAEbm9uZQAAAAAAAAABAAACFwAAAAdz\nc2gtcnNhAAAAAwEAAQAAAgEAzAVk6estQ12XfESDBsFd5QxeX5ZthYaqCzDE77XD\nD2m/9qjAK888gB8DRifS8hQzWgbKtjv25msZedruSWDpjwLCDq8hUseydGFbgaJV\ngAm0WNUVk/yUPsh6yO6J+zlhSV4XflN3xJgD+11kkBSWOnUKQxP2W0Jru53lnVvT\nutKsMWAbxVdqr8VnSmvGnRUYpCMG2rA+lGlJcUYVOxaNrkunK99gqT2W6mLGAD0x\noQ8GVnSZIRmbtMQKeMlG6uAsecDIaYslChzCQN9P90xK+y809AR7mRo60zxmd7Ws\nIQdNYQs3OA9fdmLZ9mczJoFsKsfFq72tMgyU6FBc15C372/e3KfjWvlQHz2mJWHn\nedl+DPt1Cmhx/DmTc4nV9ea7zgzkLVUGmN9svfs8l+8qTSgnxrQMQJO1UC2i9D41\nkzyfdnYBODyCKC30EotQNe/ypuKVMzW0ZE/G1dtxlFwKaS2Ju1xlsyPvxwsYldSC\niDslb3KjTgCr+q1as/f01gXapDtkxeHaqwxyPBdvL55a8FYCFVc1wR5SxOnZwWYG\nenVa+0Rg712EjmlduxvgWvZpowUwbYvss8LhPoK0ylUXCOCPAlQkxY68Oo+6i4a4\nkz1gGp33SwZTyu9GT2MkWPjz6koSKby691jSx27Mo20inG4Mpjwenb5nkpadwS1n\nhaEAAAc4FWcAvhVnAL4AAAAHc3NoLXJzYQAAAgEAzAVk6estQ12XfESDBsFd5Qxe\nX5ZthYaqCzDE77XDD2m/9qjAK888gB8DRifS8hQzWgbKtjv25msZedruSWDpjwLC\nDq8hUseydGFbgaJVgAm0WNUVk/yUPsh6yO6J+zlhSV4XflN3xJgD+11kkBSWOnUK\nQxP2W0Jru53lnVvTutKsMWAbxVdqr8VnSmvGnRUYpCMG2rA+lGlJcUYVOxaNrkun\nK99gqT2W6mLGAD0xoQ8GVnSZIRmbtMQKeMlG6uAsecDIaYslChzCQN9P90xK+y80\n9AR7mRo60zxmd7WsIQdNYQs3OA9fdmLZ9mczJoFsKsfFq72tMgyU6FBc15C372/e\n3KfjWvlQHz2mJWHnedl+DPt1Cmhx/DmTc4nV9ea7zgzkLVUGmN9svfs8l+8qTSgn\nxrQMQJO1UC2i9D41kzyfdnYBODyCKC30EotQNe/ypuKVMzW0ZE/G1dtxlFwKaS2J\nu1xlsyPvxwsYldSCiDslb3KjTgCr+q1as/f01gXapDtkxeHaqwxyPBdvL55a8FYC\nFVc1wR5SxOnZwWYGenVa+0Rg712EjmlduxvgWvZpowUwbYvss8LhPoK0ylUXCOCP\nAlQkxY68Oo+6i4a4kz1gGp33SwZTyu9GT2MkWPjz6koSKby691jSx27Mo20inG4M\npjwenb5nkpadwS1nhaEAAAADAQABAAACACdoh1STw7t2cZNkXHbKlQtwNy55jRA0\nsdXVhsTStCnfAGBxuiT8M7B/zQ8ZFCsEceLa2v8WWBur5lDeVBbCbHreSoOxmls2\nDadjQtyocaF4vmhGSJO8PxpdeTIkuWxYag1U6m7RSpojzukX4hvejiIeh2vriDOa\ngdrMphSeLyiwFui2qsaUmxv2onwCk2u2LntN9L37OytJpxEFO4adVaKsJE9aJ36p\nUeRWTe6v40077Lp4bTeyjZv+HhO0tUkbIhwme8+/O9lXMsJ7ICQhjX41YSIdV458\nPY6d5SEMa4I5ud2b3/+pIIRqlbV9u6idaTpeOjVxPuoi+gRhuX0+C/kQrrPxT6Xn\nCgOPRBr1AAKt03NwpUHf8l3YSELKrdGpMm9azNfDSV0L81nZ8LxTDA2IksK3zTU+\nTMjvM91LWSXzRj9aLbClKgXZVPKbtAW52m96EmW9QuODJbuQBApBpSx9qwAleU8y\nM7plPvd21YYmzfLRLit0o3yXe6gwMW6XJ8t0UlJ2hR8bvbaUfVFIhqL+1U+3i971\nQzy9t+6c+SfynsMfWLaiqN+GYOK4GEHT1mEyv8cFuabAba7C4QMX1+ORuq9v+DDh\n5qu4/p5PsRKR+r3PGhTPwDHpEy1DYLLX3Dd5d5BAXUEncZ54iZX6klCfWJDhPWEZ\n5dSOj6oTI779AAABAHRY9G5c8D84etCSFyT85iUqlfHToGhFDpOME76ytNRmefZw\nwZnyM1dQHNUp0DdO+9YXdc2fGEadMkcJ3DvcyJI8fFUvWv1OzfJKwWyq2Lgy5Sum\nDGViI5MbnVtLX/zSN1vVbNHzL//bYiLB4AcTRosbfcXlRucQ4nUpJ7Z7Kx+S3vLx\nvWffacZefHfOhGBJDHi7zOXES3pCA3Tfkk8U0al3V4xJVB6Jrc7tM1CAV0wR890v\nHSslCG+QwzcNqF1CtEWOFc9Hqnn1MMedhfKQkFBQvhPuu13xgTZyEDfIy5u3K7ZS\nL9GcDwKJ2iQpDJbjoeXd+Zju0317/wR/EEfmbx8AAAEBAN7dU2ElGvjUmWiKcMCV\n99la5l/9qnohVizOmQ6ZK+96thOFgxJrXjUWr6hu63RHSAe1cvYkcFXAu1c2c0o/\nqEPVHYGa7/wAvSLFgalI/b4IHUG7X/32ja50LeVjuiH44SRnAi2WN4sMaIHD76u1\nn20Gq9riaM4xy5vGi0u01wWmj4ArW+SrTXODOWS0AiuW6X5oi1l8nQ9CcyN4hSk/\nR2ojYoD+s1IewxapnidECh2jpyC/QM9pjCxEFKfzTyhAPjJ3exYB2XLbFEWj6qvx\nIFqFpjqzWWty0Yg9jVpsG+0VIW4Q7v67iO3LkqL8Ebd2DmYFCbQpvEevn5pl6WnC\nmWMAAAEBAOpa2PlWtIL2JDtSJAkFegk8JAl7+Zl+8VipsVl5Ks/1oaAu8rxn0O80\n9I3C2WYw95CYmlkta1ch1dBHuosJNE+vA4uatAWkzsZy5l8iOnuQcEI7KTtozmYV\n31Dh8X1HvvGWHkRRez47JOwcjpVqyfBGPxxf6g30xQVmTN/oF5RttBrIB4Hf/6+G\nrL9P0cgbf/eQ1QU786SRE+TnEBfQyV058qGIvTMlMvB+Vrt7VYQtZwerrw/bYH5b\nqHpmHYGXz0dBBaRZjAdXmhd78C6nxk3TUf3zmbhiOYsrp9WY6K+Xsd9ca2t6iXt0\nILY3NaHZi+oyhQQUI2JlZACaHNQ11isAAAAAAQID\n-----END OPENSSH PRIVATE KEY-----\n",
            "private_key_pem": "-----BEGIN RSA PRIVATE KEY-----\nMIIJKAIBAAKCAgEAzAVk6estQ12XfESDBsFd5QxeX5ZthYaqCzDE77XDD2m/9qjA\nK888gB8DRifS8hQzWgbKtjv25msZedruSWDpjwLCDq8hUseydGFbgaJVgAm0WNUV\nk/yUPsh6yO6J+zlhSV4XflN3xJgD+11kkBSWOnUKQxP2W0Jru53lnVvTutKsMWAb\nxVdqr8VnSmvGnRUYpCMG2rA+lGlJcUYVOxaNrkunK99gqT2W6mLGAD0xoQ8GVnSZ\nIRmbtMQKeMlG6uAsecDIaYslChzCQN9P90xK+y809AR7mRo60zxmd7WsIQdNYQs3\nOA9fdmLZ9mczJoFsKsfFq72tMgyU6FBc15C372/e3KfjWvlQHz2mJWHnedl+DPt1\nCmhx/DmTc4nV9ea7zgzkLVUGmN9svfs8l+8qTSgnxrQMQJO1UC2i9D41kzyfdnYB\nODyCKC30EotQNe/ypuKVMzW0ZE/G1dtxlFwKaS2Ju1xlsyPvxwsYldSCiDslb3Kj\nTgCr+q1as/f01gXapDtkxeHaqwxyPBdvL55a8FYCFVc1wR5SxOnZwWYGenVa+0Rg\n712EjmlduxvgWvZpowUwbYvss8LhPoK0ylUXCOCPAlQkxY68Oo+6i4a4kz1gGp33\nSwZTyu9GT2MkWPjz6koSKby691jSx27Mo20inG4Mpjwenb5nkpadwS1nhaECAwEA\nAQKCAgAnaIdUk8O7dnGTZFx2ypULcDcueY0QNLHV1YbE0rQp3wBgcbok/DOwf80P\nGRQrBHHi2tr/Flgbq+ZQ3lQWwmx63kqDsZpbNg2nY0LcqHGheL5oRkiTvD8aXXky\nJLlsWGoNVOpu0UqaI87pF+Ib3o4iHodr64gzmoHazKYUni8osBbotqrGlJsb9qJ8\nApNrti57TfS9+zsrSacRBTuGnVWirCRPWid+qVHkVk3ur+NNO+y6eG03so2b/h4T\ntLVJGyIcJnvPvzvZVzLCeyAkIY1+NWEiHVeOfD2OneUhDGuCObndm9//qSCEapW1\nfbuonWk6Xjo1cT7qIvoEYbl9Pgv5EK6z8U+l5woDj0Qa9QACrdNzcKVB3/Jd2EhC\nyq3RqTJvWszXw0ldC/NZ2fC8UwwNiJLCt801PkzI7zPdS1kl80Y/Wi2wpSoF2VTy\nm7QFudpvehJlvULjgyW7kAQKQaUsfasAJXlPMjO6ZT73dtWGJs3y0S4rdKN8l3uo\nMDFulyfLdFJSdoUfG722lH1RSIai/tVPt4ve9UM8vbfunPkn8p7DH1i2oqjfhmDi\nuBhB09ZhMr/HBbmmwG2uwuEDF9fjkbqvb/gw4earuP6eT7ESkfq9zxoUz8Ax6RMt\nQ2Cy19w3eXeQQF1BJ3GeeImV+pJQn1iQ4T1hGeXUjo+qEyO+/QKCAQEA3t1TYSUa\n+NSZaIpwwJX32VrmX/2qeiFWLM6ZDpkr73q2E4WDEmteNRavqG7rdEdIB7Vy9iRw\nVcC7VzZzSj+oQ9UdgZrv/AC9IsWBqUj9vggdQbtf/faNrnQt5WO6IfjhJGcCLZY3\niwxogcPvq7WfbQar2uJozjHLm8aLS7TXBaaPgCtb5KtNc4M5ZLQCK5bpfmiLWXyd\nD0JzI3iFKT9HaiNigP6zUh7DFqmeJ0QKHaOnIL9Az2mMLEQUp/NPKEA+Mnd7FgHZ\nctsURaPqq/EgWoWmOrNZa3LRiD2NWmwb7RUhbhDu/ruI7cuSovwRt3YOZgUJtCm8\nR6+fmmXpacKZYwKCAQEA6lrY+Va0gvYkO1IkCQV6CTwkCXv5mX7xWKmxWXkqz/Wh\noC7yvGfQ7zT0jcLZZjD3kJiaWS1rVyHV0Ee6iwk0T68Di5q0BaTOxnLmXyI6e5Bw\nQjspO2jOZhXfUOHxfUe+8ZYeRFF7Pjsk7ByOlWrJ8EY/HF/qDfTFBWZM3+gXlG20\nGsgHgd//r4asv0/RyBt/95DVBTvzpJET5OcQF9DJXTnyoYi9MyUy8H5Wu3tVhC1n\nB6uvD9tgfluoemYdgZfPR0EFpFmMB1eaF3vwLqfGTdNR/fOZuGI5iyun1Zjor5ex\n31xra3qJe3Qgtjc1odmL6jKFBBQjYmVkAJoc1DXWKwKCAQEAr0sutg5VdLrkH1Ik\n9ZX/6LqS0ZXYbU+jVIL76HuaDzdZ12kAe5Bv/Rnm+HimQkN+6HFUBz8KDKkXsbVm\nYVRIqXILT1HqyTBbk+n93oVG8B25xWX4Tu2K61j+cJtMYEQ98kADeo/ZCEmuOcM/\n1LN6vmqs6fGDtgt8tv4nulh3eD5WSN3R3b7PoLfqgMcFnfuJlJ/uW2iksMf3gELf\nml3nchh69jNgIIuJr12ixAfEXSPH5P4JoBrI4lh6VtANxv8g7NkFu32g57Jh85TG\nlI+Ifyr4YNuIzfb10E95y1GVdZlVPhmbokknnsKsh/30gXUeRihYRZk+OrRsuSjH\nuyQROQKCAQAmYkbTX94k7Qe2J5f7WkhIpu8IFqQk/eOtr+16SBw4/3Q/djEPprlT\n1IqRhW5yDGcf6b6uCIBiPwp0GKt3BkTpIDMmdGoz2nB7lGoi/soxXtDkKChysJHN\nqptu9fLFoDCoBPxkGCxlXu6HNY4s7tawYfEIRrVhH8v9PGou6iaiiu1KzaRdI0EP\nkLFOjFZBvi9RbwlU2CLpu1FU1nuOSwYQHOOejXTfoaIcPbUa8/Jnub/8Q6Ripn3B\ndGW91mfSx/iNJRs1de03bqOwYP5Pxe725DuzqmhtCLmAD+BnXaoOyHu7p7l4WxOV\ngsmwzo4cOjNuYmPi7SF2hkDA0H0UTNUNAoIBAHRY9G5c8D84etCSFyT85iUqlfHT\noGhFDpOME76ytNRmefZwwZnyM1dQHNUp0DdO+9YXdc2fGEadMkcJ3DvcyJI8fFUv\nWv1OzfJKwWyq2Lgy5SumDGViI5MbnVtLX/zSN1vVbNHzL//bYiLB4AcTRosbfcXl\nRucQ4nUpJ7Z7Kx+S3vLxvWffacZefHfOhGBJDHi7zOXES3pCA3Tfkk8U0al3V4xJ\nVB6Jrc7tM1CAV0wR890vHSslCG+QwzcNqF1CtEWOFc9Hqnn1MMedhfKQkFBQvhPu\nu13xgTZyEDfIy5u3K7ZSL9GcDwKJ2iQpDJbjoeXd+Zju0317/wR/EEfmbx8=\n-----END RSA PRIVATE KEY-----\n",
            "private_key_pem_pkcs8": "-----BEGIN PRIVATE KEY-----\nMIIJQgIBADANBgkqhkiG9w0BAQEFAASCCSwwggkoAgEAAoICAQDMBWTp6y1DXZd8\nRIMGwV3lDF5flm2FhqoLMMTvtcMPab/2qMArzzyAHwNGJ9LyFDNaBsq2O/bmaxl5\n2u5JYOmPAsIOryFSx7J0YVuBolWACbRY1RWT/JQ+yHrI7on7OWFJXhd+U3fEmAP7\nXWSQFJY6dQpDE/ZbQmu7neWdW9O60qwxYBvFV2qvxWdKa8adFRikIwbasD6UaUlx\nRhU7Fo2uS6cr32CpPZbqYsYAPTGhDwZWdJkhGZu0xAp4yUbq4Cx5wMhpiyUKHMJA\n30/3TEr7LzT0BHuZGjrTPGZ3tawhB01hCzc4D192Ytn2ZzMmgWwqx8Wrva0yDJTo\nUFzXkLfvb97cp+Na+VAfPaYlYed52X4M+3UKaHH8OZNzidX15rvODOQtVQaY32y9\n+zyX7ypNKCfGtAxAk7VQLaL0PjWTPJ92dgE4PIIoLfQSi1A17/Km4pUzNbRkT8bV\n23GUXAppLYm7XGWzI+/HCxiV1IKIOyVvcqNOAKv6rVqz9/TWBdqkO2TF4dqrDHI8\nF28vnlrwVgIVVzXBHlLE6dnBZgZ6dVr7RGDvXYSOaV27G+Ba9mmjBTBti+yzwuE+\ngrTKVRcI4I8CVCTFjrw6j7qLhriTPWAanfdLBlPK70ZPYyRY+PPqShIpvLr3WNLH\nbsyjbSKcbgymPB6dvmeSlp3BLWeFoQIDAQABAoICACdoh1STw7t2cZNkXHbKlQtw\nNy55jRA0sdXVhsTStCnfAGBxuiT8M7B/zQ8ZFCsEceLa2v8WWBur5lDeVBbCbHre\nSoOxmls2DadjQtyocaF4vmhGSJO8PxpdeTIkuWxYag1U6m7RSpojzukX4hvejiIe\nh2vriDOagdrMphSeLyiwFui2qsaUmxv2onwCk2u2LntN9L37OytJpxEFO4adVaKs\nJE9aJ36pUeRWTe6v40077Lp4bTeyjZv+HhO0tUkbIhwme8+/O9lXMsJ7ICQhjX41\nYSIdV458PY6d5SEMa4I5ud2b3/+pIIRqlbV9u6idaTpeOjVxPuoi+gRhuX0+C/kQ\nrrPxT6XnCgOPRBr1AAKt03NwpUHf8l3YSELKrdGpMm9azNfDSV0L81nZ8LxTDA2I\nksK3zTU+TMjvM91LWSXzRj9aLbClKgXZVPKbtAW52m96EmW9QuODJbuQBApBpSx9\nqwAleU8yM7plPvd21YYmzfLRLit0o3yXe6gwMW6XJ8t0UlJ2hR8bvbaUfVFIhqL+\n1U+3i971Qzy9t+6c+SfynsMfWLaiqN+GYOK4GEHT1mEyv8cFuabAba7C4QMX1+OR\nuq9v+DDh5qu4/p5PsRKR+r3PGhTPwDHpEy1DYLLX3Dd5d5BAXUEncZ54iZX6klCf\nWJDhPWEZ5dSOj6oTI779AoIBAQDe3VNhJRr41JloinDAlffZWuZf/ap6IVYszpkO\nmSvverYThYMSa141Fq+obut0R0gHtXL2JHBVwLtXNnNKP6hD1R2Bmu/8AL0ixYGp\nSP2+CB1Bu1/99o2udC3lY7oh+OEkZwItljeLDGiBw++rtZ9tBqva4mjOMcubxotL\ntNcFpo+AK1vkq01zgzlktAIrlul+aItZfJ0PQnMjeIUpP0dqI2KA/rNSHsMWqZ4n\nRAodo6cgv0DPaYwsRBSn808oQD4yd3sWAdly2xRFo+qr8SBahaY6s1lrctGIPY1a\nbBvtFSFuEO7+u4jty5Ki/BG3dg5mBQm0KbxHr5+aZelpwpljAoIBAQDqWtj5VrSC\n9iQ7UiQJBXoJPCQJe/mZfvFYqbFZeSrP9aGgLvK8Z9DvNPSNwtlmMPeQmJpZLWtX\nIdXQR7qLCTRPrwOLmrQFpM7GcuZfIjp7kHBCOyk7aM5mFd9Q4fF9R77xlh5EUXs+\nOyTsHI6VasnwRj8cX+oN9MUFZkzf6BeUbbQayAeB3/+vhqy/T9HIG3/3kNUFO/Ok\nkRPk5xAX0MldOfKhiL0zJTLwfla7e1WELWcHq68P22B+W6h6Zh2Bl89HQQWkWYwH\nV5oXe/Aup8ZN01H985m4YjmLK6fVmOivl7HfXGtreol7dCC2NzWh2YvqMoUEFCNi\nZWQAmhzUNdYrAoIBAQCvSy62DlV0uuQfUiT1lf/oupLRldhtT6NUgvvoe5oPN1nX\naQB7kG/9Geb4eKZCQ37ocVQHPwoMqRextWZhVEipcgtPUerJMFuT6f3ehUbwHbnF\nZfhO7YrrWP5wm0xgRD3yQAN6j9kISa45wz/Us3q+aqzp8YO2C3y2/ie6WHd4PlZI\n3dHdvs+gt+qAxwWd+4mUn+5baKSwx/eAQt+aXedyGHr2M2Agi4mvXaLEB8RdI8fk\n/gmgGsjiWHpW0A3G/yDs2QW7faDnsmHzlMaUj4h/Kvhg24jN9vXQT3nLUZV1mVU+\nGZuiSSeewqyH/fSBdR5GKFhFmT46tGy5KMe7JBE5AoIBACZiRtNf3iTtB7Ynl/ta\nSEim7wgWpCT9462v7XpIHDj/dD92MQ+muVPUipGFbnIMZx/pvq4IgGI/CnQYq3cG\nROkgMyZ0ajPacHuUaiL+yjFe0OQoKHKwkc2qm2718sWgMKgE/GQYLGVe7oc1jizu\n1rBh8QhGtWEfy/08ai7qJqKK7UrNpF0jQQ+QsU6MVkG+L1FvCVTYIum7UVTWe45L\nBhAc456NdN+hohw9tRrz8me5v/xDpGKmfcF0Zb3WZ9LH+I0lGzV17Tduo7Bg/k/F\n7vbkO7OqaG0IuYAP4Gddqg7Ie7unuXhbE5WCybDOjhw6M25iY+LtIXaGQMDQfRRM\n1Q0CggEAdFj0blzwPzh60JIXJPzmJSqV8dOgaEUOk4wTvrK01GZ59nDBmfIzV1Ac\n1SnQN0771hd1zZ8YRp0yRwncO9zIkjx8VS9a/U7N8krBbKrYuDLlK6YMZWIjkxud\nW0tf/NI3W9Vs0fMv/9tiIsHgBxNGixt9xeVG5xDidSkntnsrH5Le8vG9Z99pxl58\nd86EYEkMeLvM5cRLekIDdN+STxTRqXdXjElUHomtzu0zUIBXTBHz3S8dKyUIb5DD\nNw2oXUK0RY4Vz0eqefUwx52F8pCQUFC+E+67XfGBNnIQN8jLm7crtlIv0ZwPAona\nJCkMluOh5d35mO7TfXv/BH8QR+ZvHw==\n-----END PRIVATE KEY-----\n",
            "public_key_fingerprint_md5": "e0:41:95:15:ff:26:65:f6:c0:e6:1c:33:6a:73:17:d8",
            "public_key_fingerprint_sha256": "SHA256:M881IgNhE+czYau/ahlUSbyLcvTfwi0pXSM6DubtjK8",
            "public_key_openssh": "ssh-rsa AAAAB3NzaC1yc2EAAAADAQABAAACAQDMBWTp6y1DXZd8RIMGwV3lDF5flm2FhqoLMMTvtcMPab/2qMArzzyAHwNGJ9LyFDNaBsq2O/bmaxl52u5JYOmPAsIOryFSx7J0YVuBolWACbRY1RWT/JQ+yHrI7on7OWFJXhd+U3fEmAP7XWSQFJY6dQpDE/ZbQmu7neWdW9O60qwxYBvFV2qvxWdKa8adFRikIwbasD6UaUlxRhU7Fo2uS6cr32CpPZbqYsYAPTGhDwZWdJkhGZu0xAp4yUbq4Cx5wMhpiyUKHMJA30/3TEr7LzT0BHuZGjrTPGZ3tawhB01hCzc4D192Ytn2ZzMmgWwqx8Wrva0yDJToUFzXkLfvb97cp+Na+VAfPaYlYed52X4M+3UKaHH8OZNzidX15rvODOQtVQaY32y9+zyX7ypNKCfGtAxAk7VQLaL0PjWTPJ92dgE4PIIoLfQSi1A17/Km4pUzNbRkT8bV23GUXAppLYm7XGWzI+/HCxiV1IKIOyVvcqNOAKv6rVqz9/TWBdqkO2TF4dqrDHI8F28vnlrwVgIVVzXBHlLE6dnBZgZ6dVr7RGDvXYSOaV27G+Ba9mmjBTBti+yzwuE+grTKVRcI4I8CVCTFjrw6j7qLhriTPWAanfdLBlPK70ZPYyRY+PPqShIpvLr3WNLHbsyjbSKcbgymPB6dvmeSlp3BLWeFoQ==\n",
            "public_key_pem": "-----BEGIN PUBLIC KEY-----\nMIICIjANBgkqhkiG9w0BAQEFAAOCAg8AMIICCgKCAgEAzAVk6estQ12XfESDBsFd\n5QxeX5ZthYaqCzDE77XDD2m/9qjAK888gB8DRifS8hQzWgbKtjv25msZedruSWDp\njwLCDq8hUseydGFbgaJVgAm0WNUVk/yUPsh6yO6J+zlhSV4XflN3xJgD+11kkBSW\nOnUKQxP2W0Jru53lnVvTutKsMWAbxVdqr8VnSmvGnRUYpCMG2rA+lGlJcUYVOxaN\nrkunK99gqT2W6mLGAD0xoQ8GVnSZIRmbtMQKeMlG6uAsecDIaYslChzCQN9P90xK\n+y809AR7mRo60zxmd7WsIQdNYQs3OA9fdmLZ9mczJoFsKsfFq72tMgyU6FBc15C3\n72/e3KfjWvlQHz2mJWHnedl+DPt1Cmhx/DmTc4nV9ea7zgzkLVUGmN9svfs8l+8q\nTSgnxrQMQJO1UC2i9D41kzyfdnYBODyCKC30EotQNe/ypuKVMzW0ZE/G1dtxlFwK\naS2Ju1xlsyPvxwsYldSCiDslb3KjTgCr+q1as/f01gXapDtkxeHaqwxyPBdvL55a\n8FYCFVc1wR5SxOnZwWYGenVa+0Rg712EjmlduxvgWvZpowUwbYvss8LhPoK0ylUX\nCOCPAlQkxY68Oo+6i4a4kz1gGp33SwZTyu9GT2MkWPjz6koSKby691jSx27Mo20i\nnG4Mpjwenb5nkpadwS1nhaECAwEAAQ==\n-----END PUBLIC KEY-----\n",
            "rsa_bits": 4096
          },
          "sensitive_attributes": []
        }
      ]
    }
  ],
  "check_results": null
}
